
Microsoft Visual Studio Solution File, Format Version 12.00
# Visual Studio Version 16
VisualStudioVersion = 16.0.31727.386
MinimumVisualStudioVersion = 10.0.40219.1
Project("{9A19103F-16F7-4668-BE54-9A1E7A4F7556}") = "Application.Service", "ApplicationService\Application.Service.csproj", "{985BDF43-427C-46B2-B2CC-EDC0E1EB450F}"
EndProject
Project("{9A19103F-16F7-4668-BE54-9A1E7A4F7556}") = "Application.Data", "Application.Data\Application.Data.csproj", "{071528B2-AC07-4159-9927-67A6A0F3D772}"
EndProject
Global
	GlobalSection(SolutionConfigurationPlatforms) = preSolution
		Debug|Any CPU = Debug|Any CPU
		Release|Any CPU = Release|Any CPU
	EndGlobalSection
	GlobalSection(ProjectConfigurationPlatforms) = postSolution
		{985BDF43-427C-46B2-B2CC-EDC0E1EB450F}.Debug|Any CPU.ActiveCfg = Debug|Any CPU
		{985BDF43-427C-46B2-B2CC-EDC0E1EB450F}.Debug|Any CPU.Build.0 = Debug|Any CPU
		{985BDF43-427C-46B2-B2CC-EDC0E1EB450F}.Release|Any CPU.ActiveCfg = Release|Any CPU
		{985BDF43-427C-46B2-B2CC-EDC0E1EB450F}.Release|Any CPU.Build.0 = Release|Any CPU
		{071528B2-AC07-4159-9927-67A6A0F3D772}.Debug|Any CPU.ActiveCfg = Debug|Any CPU
		{071528B2-AC07-4159-9927-67A6A0F3D772}.Debug|Any CPU.Build.0 = Debug|Any CPU
		{071528B2-AC07-4159-9927-67A6A0F3D772}.Release|Any CPU.ActiveCfg = Release|Any CPU
		{071528B2-AC07-4159-9927-67A6A0F3D772}.Release|Any CPU.Build.0 = Release|Any CPU
	EndGlobalSection
	GlobalSection(SolutionProperties) = preSolution
		HideSolutionNode = FALSE
	EndGlobalSection
	GlobalSection(ExtensibilityGlobals) = postSolution
		SolutionGuid = {A49D333B-AE62-42FD-8267-ECE1BCB1E5C5}
	EndGlobalSection
EndGlobal
